
Microsoft Visual Studio Solution File, Format Version 12.00
# Visual Studio 15
VisualStudioVersion = 15.0.26124.0
MinimumVisualStudioVersion = 15.0.26124.0
Project("{2150E333-8FDC-42A3-9474-1A3956D46DE8}") = "src", "src", "{D9F72D3D-DCD3-45D4-A152-0058112BAB29}"
EndProject
Project("{FAE04EC0-301F-11D3-BF4B-00C04F79EFBC}") = "Api.Http", "src\Api.Http\Api.Http.csproj", "{C33D23AB-5A4F-4E74-A02F-A09A27B1E941}"
EndProject
Project("{2150E333-8FDC-42A3-9474-1A3956D46DE8}") = "tests", "tests", "{693C6A82-5406-4C0F-98E5-1653A8E6D3FD}"
EndProject
Project("{FAE04EC0-301F-11D3-BF4B-00C04F79EFBC}") = "Api.Http.IntegrationTests", "tests\Api.Http.IntegrationTests\Api.Http.IntegrationTests.csproj", "{F21CA5E0-866B-40EA-8DBB-A595F1E8A6F8}"
EndProject
Global
	GlobalSection(SolutionConfigurationPlatforms) = preSolution
		Debug|Any CPU = Debug|Any CPU
		Debug|x64 = Debug|x64
		Debug|x86 = Debug|x86
		Release|Any CPU = Release|Any CPU
		Release|x64 = Release|x64
		Release|x86 = Release|x86
	EndGlobalSection
	GlobalSection(SolutionProperties) = preSolution
		HideSolutionNode = FALSE
	EndGlobalSection
	GlobalSection(ProjectConfigurationPlatforms) = postSolution
		{C33D23AB-5A4F-4E74-A02F-A09A27B1E941}.Debug|Any CPU.ActiveCfg = Debug|Any CPU
		{C33D23AB-5A4F-4E74-A02F-A09A27B1E941}.Debug|Any CPU.Build.0 = Debug|Any CPU
		{C33D23AB-5A4F-4E74-A02F-A09A27B1E941}.Debug|x64.ActiveCfg = Debug|Any CPU
		{C33D23AB-5A4F-4E74-A02F-A09A27B1E941}.Debug|x64.Build.0 = Debug|Any CPU
		{C33D23AB-5A4F-4E74-A02F-A09A27B1E941}.Debug|x86.ActiveCfg = Debug|Any CPU
		{C33D23AB-5A4F-4E74-A02F-A09A27B1E941}.Debug|x86.Build.0 = Debug|Any CPU
		{C33D23AB-5A4F-4E74-A02F-A09A27B1E941}.Release|Any CPU.ActiveCfg = Release|Any CPU
		{C33D23AB-5A4F-4E74-A02F-A09A27B1E941}.Release|Any CPU.Build.0 = Release|Any CPU
		{C33D23AB-5A4F-4E74-A02F-A09A27B1E941}.Release|x64.ActiveCfg = Release|Any CPU
		{C33D23AB-5A4F-4E74-A02F-A09A27B1E941}.Release|x64.Build.0 = Release|Any CPU
		{C33D23AB-5A4F-4E74-A02F-A09A27B1E941}.Release|x86.ActiveCfg = Release|Any CPU
		{C33D23AB-5A4F-4E74-A02F-A09A27B1E941}.Release|x86.Build.0 = Release|Any CPU
		{F21CA5E0-866B-40EA-8DBB-A595F1E8A6F8}.Debug|Any CPU.ActiveCfg = Debug|Any CPU
		{F21CA5E0-866B-40EA-8DBB-A595F1E8A6F8}.Debug|Any CPU.Build.0 = Debug|Any CPU
		{F21CA5E0-866B-40EA-8DBB-A595F1E8A6F8}.Debug|x64.ActiveCfg = Debug|Any CPU
		{F21CA5E0-866B-40EA-8DBB-A595F1E8A6F8}.Debug|x64.Build.0 = Debug|Any CPU
		{F21CA5E0-866B-40EA-8DBB-A595F1E8A6F8}.Debug|x86.ActiveCfg = Debug|Any CPU
		{F21CA5E0-866B-40EA-8DBB-A595F1E8A6F8}.Debug|x86.Build.0 = Debug|Any CPU
		{F21CA5E0-866B-40EA-8DBB-A595F1E8A6F8}.Release|Any CPU.ActiveCfg = Release|Any CPU
		{F21CA5E0-866B-40EA-8DBB-A595F1E8A6F8}.Release|Any CPU.Build.0 = Release|Any CPU
		{F21CA5E0-866B-40EA-8DBB-A595F1E8A6F8}.Release|x64.ActiveCfg = Release|Any CPU
		{F21CA5E0-866B-40EA-8DBB-A595F1E8A6F8}.Release|x64.Build.0 = Release|Any CPU
		{F21CA5E0-866B-40EA-8DBB-A595F1E8A6F8}.Release|x86.ActiveCfg = Release|Any CPU
		{F21CA5E0-866B-40EA-8DBB-A595F1E8A6F8}.Release|x86.Build.0 = Release|Any CPU
	EndGlobalSection
	GlobalSection(NestedProjects) = preSolution
		{C33D23AB-5A4F-4E74-A02F-A09A27B1E941} = {D9F72D3D-DCD3-45D4-A152-0058112BAB29}
		{F21CA5E0-866B-40EA-8DBB-A595F1E8A6F8} = {693C6A82-5406-4C0F-98E5-1653A8E6D3FD}
	EndGlobalSection
EndGlobal
